
Microsoft Visual Studio Solution File, Format Version 12.00
Project("{FAE04EC0-301F-11D3-BF4B-00C04F79EFBC}") = "AdventOfCode2022", "AdventOfCode2022\AdventOfCode2022.csproj", "{AA394691-18A1-4D57-85A6-BF360AE3B269}"
EndProject
Project("{FAE04EC0-301F-11D3-BF4B-00C04F79EFBC}") = "AdventOfCode.Common", "AdventOfCode.Common\AdventOfCode.Common.csproj", "{1FD6AEE5-D2D3-4A56-932F-53C11B3874B4}"
EndProject
Project("{FAE04EC0-301F-11D3-BF4B-00C04F79EFBC}") = "AdventOfCode.Abstractions", "AdventOfCode.Abstractions\AdventOfCode.Abstractions.csproj", "{6E72587B-4565-4DFA-A4BA-DBC876C16CC5}"
EndProject
Project("{FAE04EC0-301F-11D3-BF4B-00C04F79EFBC}") = "AdventOfCode2022.Tests", "AdventOfCode2022.Tests\AdventOfCode2022.Tests.csproj", "{0764979B-B5D5-4226-B49F-2CA7AC1F3D20}"
EndProject
Project("{FAE04EC0-301F-11D3-BF4B-00C04F79EFBC}") = "AdventOfCode2015", "AdventOfCode2015\AdventOfCode2015.csproj", "{453F9814-C59F-42D3-929B-8DC378572E53}"
EndProject
Project("{FAE04EC0-301F-11D3-BF4B-00C04F79EFBC}") = "AdventOfCode2015.Tests", "AdventOfCode2015.Tests\AdventOfCode2015.Tests.csproj", "{ADEC100A-5141-4337-ABDF-65ED339595D8}"
EndProject
Project("{FAE04EC0-301F-11D3-BF4B-00C04F79EFBC}") = "AdventOfCode2016", "AdventOfCode2016\AdventOfCode2016.csproj", "{07E96242-781D-4C26-969B-BEE2109C389B}"
EndProject
Project("{FAE04EC0-301F-11D3-BF4B-00C04F79EFBC}") = "AdventOfCode2016.Tests", "AdventOfCode2016.Tests\AdventOfCode2016.Tests.csproj", "{E7067FD9-3C5D-4A8F-B3C9-2CBD64A3FD15}"
EndProject
Project("{FAE04EC0-301F-11D3-BF4B-00C04F79EFBC}") = "AdventOfCode2017", "AdventOfCode2017\AdventOfCode2017.csproj", "{543FE3E5-343A-4C96-85F3-3D2F42EDD8E4}"
EndProject
Project("{FAE04EC0-301F-11D3-BF4B-00C04F79EFBC}") = "AdventOfCode2017.Tests", "AdventOfCode2017.Tests\AdventOfCode2017.Tests.csproj", "{1CF6AA6F-B6EA-46FA-88D5-1999B7754C89}"
EndProject
Project("{FAE04EC0-301F-11D3-BF4B-00C04F79EFBC}") = "AdventOfCode2018", "AdventOfCode2018\AdventOfCode2018.csproj", "{0799A3A7-8A7E-4790-9D92-65CA96A1DB38}"
EndProject
Project("{FAE04EC0-301F-11D3-BF4B-00C04F79EFBC}") = "AdventOfCode2018.Tests", "AdventOfCode2018.Tests\AdventOfCode2018.Tests.csproj", "{369E6BF3-4E31-478F-8F54-091C8150E20A}"
EndProject
Project("{FAE04EC0-301F-11D3-BF4B-00C04F79EFBC}") = "AdventOfCode2019", "AdventOfCode2019\AdventOfCode2019.csproj", "{11C0B43A-A185-4C9C-B405-4140C84CB0CF}"
EndProject
Project("{FAE04EC0-301F-11D3-BF4B-00C04F79EFBC}") = "AdventOfCode2019.Tests", "AdventOfCode2019.Tests\AdventOfCode2019.Tests.csproj", "{82663243-2819-42B4-AB9F-D8A5C781395E}"
EndProject
Project("{FAE04EC0-301F-11D3-BF4B-00C04F79EFBC}") = "AdventOfCode2020", "AdventOfCode2020\AdventOfCode2020.csproj", "{5E313E56-E30E-42BF-A3EC-54CEF08F1DD3}"
EndProject
Project("{FAE04EC0-301F-11D3-BF4B-00C04F79EFBC}") = "AdventOfCode2020.Tests", "AdventOfCode2020.Tests\AdventOfCode2020.Tests.csproj", "{31EE7270-DACD-415B-90B0-ED8F77970284}"
EndProject
Project("{FAE04EC0-301F-11D3-BF4B-00C04F79EFBC}") = "AdventOfCode2021", "AdventOfCode2021\AdventOfCode2021.csproj", "{0B5D9685-0249-4935-BF54-145E74F5CC97}"
EndProject
Project("{FAE04EC0-301F-11D3-BF4B-00C04F79EFBC}") = "AdventOfCode2021.Tests", "AdventOfCode2021.Tests\AdventOfCode2021.Tests.csproj", "{38C0C5F1-34E2-47D5-B776-0309C10C2E3C}"
EndProject
Global
	GlobalSection(SolutionConfigurationPlatforms) = preSolution
		Debug|Any CPU = Debug|Any CPU
		Release|Any CPU = Release|Any CPU
	EndGlobalSection
	GlobalSection(ProjectConfigurationPlatforms) = postSolution
		{AA394691-18A1-4D57-85A6-BF360AE3B269}.Release|Any CPU.ActiveCfg = Release|Any CPU
		{AA394691-18A1-4D57-85A6-BF360AE3B269}.Release|Any CPU.Build.0 = Release|Any CPU
		{AA394691-18A1-4D57-85A6-BF360AE3B269}.Debug|Any CPU.ActiveCfg = Debug|Any CPU
		{AA394691-18A1-4D57-85A6-BF360AE3B269}.Debug|Any CPU.Build.0 = Debug|Any CPU
		{1FD6AEE5-D2D3-4A56-932F-53C11B3874B4}.Debug|Any CPU.ActiveCfg = Debug|Any CPU
		{1FD6AEE5-D2D3-4A56-932F-53C11B3874B4}.Debug|Any CPU.Build.0 = Debug|Any CPU
		{1FD6AEE5-D2D3-4A56-932F-53C11B3874B4}.Release|Any CPU.ActiveCfg = Release|Any CPU
		{1FD6AEE5-D2D3-4A56-932F-53C11B3874B4}.Release|Any CPU.Build.0 = Release|Any CPU
		{6E72587B-4565-4DFA-A4BA-DBC876C16CC5}.Debug|Any CPU.ActiveCfg = Debug|Any CPU
		{6E72587B-4565-4DFA-A4BA-DBC876C16CC5}.Debug|Any CPU.Build.0 = Debug|Any CPU
		{6E72587B-4565-4DFA-A4BA-DBC876C16CC5}.Release|Any CPU.ActiveCfg = Release|Any CPU
		{6E72587B-4565-4DFA-A4BA-DBC876C16CC5}.Release|Any CPU.Build.0 = Release|Any CPU
		{0764979B-B5D5-4226-B49F-2CA7AC1F3D20}.Debug|Any CPU.ActiveCfg = Debug|Any CPU
		{0764979B-B5D5-4226-B49F-2CA7AC1F3D20}.Debug|Any CPU.Build.0 = Debug|Any CPU
		{0764979B-B5D5-4226-B49F-2CA7AC1F3D20}.Release|Any CPU.ActiveCfg = Release|Any CPU
		{0764979B-B5D5-4226-B49F-2CA7AC1F3D20}.Release|Any CPU.Build.0 = Release|Any CPU
		{453F9814-C59F-42D3-929B-8DC378572E53}.Debug|Any CPU.ActiveCfg = Debug|Any CPU
		{453F9814-C59F-42D3-929B-8DC378572E53}.Debug|Any CPU.Build.0 = Debug|Any CPU
		{453F9814-C59F-42D3-929B-8DC378572E53}.Release|Any CPU.ActiveCfg = Release|Any CPU
		{453F9814-C59F-42D3-929B-8DC378572E53}.Release|Any CPU.Build.0 = Release|Any CPU
		{ADEC100A-5141-4337-ABDF-65ED339595D8}.Debug|Any CPU.ActiveCfg = Debug|Any CPU
		{ADEC100A-5141-4337-ABDF-65ED339595D8}.Debug|Any CPU.Build.0 = Debug|Any CPU
		{ADEC100A-5141-4337-ABDF-65ED339595D8}.Release|Any CPU.ActiveCfg = Release|Any CPU
		{ADEC100A-5141-4337-ABDF-65ED339595D8}.Release|Any CPU.Build.0 = Release|Any CPU
		{07E96242-781D-4C26-969B-BEE2109C389B}.Debug|Any CPU.ActiveCfg = Debug|Any CPU
		{07E96242-781D-4C26-969B-BEE2109C389B}.Debug|Any CPU.Build.0 = Debug|Any CPU
		{07E96242-781D-4C26-969B-BEE2109C389B}.Release|Any CPU.ActiveCfg = Release|Any CPU
		{07E96242-781D-4C26-969B-BEE2109C389B}.Release|Any CPU.Build.0 = Release|Any CPU
		{E7067FD9-3C5D-4A8F-B3C9-2CBD64A3FD15}.Debug|Any CPU.ActiveCfg = Debug|Any CPU
		{E7067FD9-3C5D-4A8F-B3C9-2CBD64A3FD15}.Debug|Any CPU.Build.0 = Debug|Any CPU
		{E7067FD9-3C5D-4A8F-B3C9-2CBD64A3FD15}.Release|Any CPU.ActiveCfg = Release|Any CPU
		{E7067FD9-3C5D-4A8F-B3C9-2CBD64A3FD15}.Release|Any CPU.Build.0 = Release|Any CPU
		{543FE3E5-343A-4C96-85F3-3D2F42EDD8E4}.Debug|Any CPU.ActiveCfg = Debug|Any CPU
		{543FE3E5-343A-4C96-85F3-3D2F42EDD8E4}.Debug|Any CPU.Build.0 = Debug|Any CPU
		{543FE3E5-343A-4C96-85F3-3D2F42EDD8E4}.Release|Any CPU.ActiveCfg = Release|Any CPU
		{543FE3E5-343A-4C96-85F3-3D2F42EDD8E4}.Release|Any CPU.Build.0 = Release|Any CPU
		{1CF6AA6F-B6EA-46FA-88D5-1999B7754C89}.Debug|Any CPU.ActiveCfg = Debug|Any CPU
		{1CF6AA6F-B6EA-46FA-88D5-1999B7754C89}.Debug|Any CPU.Build.0 = Debug|Any CPU
		{1CF6AA6F-B6EA-46FA-88D5-1999B7754C89}.Release|Any CPU.ActiveCfg = Release|Any CPU
		{1CF6AA6F-B6EA-46FA-88D5-1999B7754C89}.Release|Any CPU.Build.0 = Release|Any CPU
		{0799A3A7-8A7E-4790-9D92-65CA96A1DB38}.Debug|Any CPU.ActiveCfg = Debug|Any CPU
		{0799A3A7-8A7E-4790-9D92-65CA96A1DB38}.Debug|Any CPU.Build.0 = Debug|Any CPU
		{0799A3A7-8A7E-4790-9D92-65CA96A1DB38}.Release|Any CPU.ActiveCfg = Release|Any CPU
		{0799A3A7-8A7E-4790-9D92-65CA96A1DB38}.Release|Any CPU.Build.0 = Release|Any CPU
		{369E6BF3-4E31-478F-8F54-091C8150E20A}.Debug|Any CPU.ActiveCfg = Debug|Any CPU
		{369E6BF3-4E31-478F-8F54-091C8150E20A}.Debug|Any CPU.Build.0 = Debug|Any CPU
		{369E6BF3-4E31-478F-8F54-091C8150E20A}.Release|Any CPU.ActiveCfg = Release|Any CPU
		{369E6BF3-4E31-478F-8F54-091C8150E20A}.Release|Any CPU.Build.0 = Release|Any CPU
		{11C0B43A-A185-4C9C-B405-4140C84CB0CF}.Debug|Any CPU.ActiveCfg = Debug|Any CPU
		{11C0B43A-A185-4C9C-B405-4140C84CB0CF}.Debug|Any CPU.Build.0 = Debug|Any CPU
		{11C0B43A-A185-4C9C-B405-4140C84CB0CF}.Release|Any CPU.ActiveCfg = Release|Any CPU
		{11C0B43A-A185-4C9C-B405-4140C84CB0CF}.Release|Any CPU.Build.0 = Release|Any CPU
		{82663243-2819-42B4-AB9F-D8A5C781395E}.Debug|Any CPU.ActiveCfg = Debug|Any CPU
		{82663243-2819-42B4-AB9F-D8A5C781395E}.Debug|Any CPU.Build.0 = Debug|Any CPU
		{82663243-2819-42B4-AB9F-D8A5C781395E}.Release|Any CPU.ActiveCfg = Release|Any CPU
		{82663243-2819-42B4-AB9F-D8A5C781395E}.Release|Any CPU.Build.0 = Release|Any CPU
		{5E313E56-E30E-42BF-A3EC-54CEF08F1DD3}.Debug|Any CPU.ActiveCfg = Debug|Any CPU
		{5E313E56-E30E-42BF-A3EC-54CEF08F1DD3}.Debug|Any CPU.Build.0 = Debug|Any CPU
		{5E313E56-E30E-42BF-A3EC-54CEF08F1DD3}.Release|Any CPU.ActiveCfg = Release|Any CPU
		{5E313E56-E30E-42BF-A3EC-54CEF08F1DD3}.Release|Any CPU.Build.0 = Release|Any CPU
		{31EE7270-DACD-415B-90B0-ED8F77970284}.Debug|Any CPU.ActiveCfg = Debug|Any CPU
		{31EE7270-DACD-415B-90B0-ED8F77970284}.Debug|Any CPU.Build.0 = Debug|Any CPU
		{31EE7270-DACD-415B-90B0-ED8F77970284}.Release|Any CPU.ActiveCfg = Release|Any CPU
		{31EE7270-DACD-415B-90B0-ED8F77970284}.Release|Any CPU.Build.0 = Release|Any CPU
		{0B5D9685-0249-4935-BF54-145E74F5CC97}.Debug|Any CPU.ActiveCfg = Debug|Any CPU
		{0B5D9685-0249-4935-BF54-145E74F5CC97}.Debug|Any CPU.Build.0 = Debug|Any CPU
		{0B5D9685-0249-4935-BF54-145E74F5CC97}.Release|Any CPU.ActiveCfg = Release|Any CPU
		{0B5D9685-0249-4935-BF54-145E74F5CC97}.Release|Any CPU.Build.0 = Release|Any CPU
		{38C0C5F1-34E2-47D5-B776-0309C10C2E3C}.Debug|Any CPU.ActiveCfg = Debug|Any CPU
		{38C0C5F1-34E2-47D5-B776-0309C10C2E3C}.Debug|Any CPU.Build.0 = Debug|Any CPU
		{38C0C5F1-34E2-47D5-B776-0309C10C2E3C}.Release|Any CPU.ActiveCfg = Release|Any CPU
		{38C0C5F1-34E2-47D5-B776-0309C10C2E3C}.Release|Any CPU.Build.0 = Release|Any CPU
	EndGlobalSection
EndGlobal
