
Microsoft Visual Studio Solution File, Format Version 12.00
Project("{FAE04EC0-301F-11D3-BF4B-00C04F79EFBC}") = "AdventOfCode.Common", "AdventOfCode.Common\AdventOfCode.Common.csproj", "{1FD6AEE5-D2D3-4A56-932F-53C11B3874B4}"
EndProject
Project("{FAE04EC0-301F-11D3-BF4B-00C04F79EFBC}") = "AdventOfCode", "AdventOfCode\AdventOfCode.csproj", "{3364DC9A-A66D-4E98-8065-0F96F167C1CB}"
EndProject
Project("{FAE04EC0-301F-11D3-BF4B-00C04F79EFBC}") = "AdventOfCode.Tests", "AdventOfCode.Tests\AdventOfCode.Tests.csproj", "{156A043D-C209-4497-B111-42A671428B2A}"
EndProject
Global
	GlobalSection(SolutionConfigurationPlatforms) = preSolution
		Debug|Any CPU = Debug|Any CPU
		Release|Any CPU = Release|Any CPU
	EndGlobalSection
	GlobalSection(ProjectConfigurationPlatforms) = postSolution
		{1FD6AEE5-D2D3-4A56-932F-53C11B3874B4}.Debug|Any CPU.ActiveCfg = Debug|Any CPU
		{1FD6AEE5-D2D3-4A56-932F-53C11B3874B4}.Debug|Any CPU.Build.0 = Debug|Any CPU
		{1FD6AEE5-D2D3-4A56-932F-53C11B3874B4}.Release|Any CPU.ActiveCfg = Release|Any CPU
		{1FD6AEE5-D2D3-4A56-932F-53C11B3874B4}.Release|Any CPU.Build.0 = Release|Any CPU
		{3364DC9A-A66D-4E98-8065-0F96F167C1CB}.Debug|Any CPU.ActiveCfg = Debug|Any CPU
		{3364DC9A-A66D-4E98-8065-0F96F167C1CB}.Debug|Any CPU.Build.0 = Debug|Any CPU
		{3364DC9A-A66D-4E98-8065-0F96F167C1CB}.Release|Any CPU.ActiveCfg = Release|Any CPU
		{3364DC9A-A66D-4E98-8065-0F96F167C1CB}.Release|Any CPU.Build.0 = Release|Any CPU
		{156A043D-C209-4497-B111-42A671428B2A}.Debug|Any CPU.ActiveCfg = Debug|Any CPU
		{156A043D-C209-4497-B111-42A671428B2A}.Debug|Any CPU.Build.0 = Debug|Any CPU
		{156A043D-C209-4497-B111-42A671428B2A}.Release|Any CPU.ActiveCfg = Release|Any CPU
		{156A043D-C209-4497-B111-42A671428B2A}.Release|Any CPU.Build.0 = Release|Any CPU
	EndGlobalSection
EndGlobal
